{
  "requires": true,
  "lockfileVersion": 1,
  "dependencies": {
    "gitbook-plugin-adsense": {
      "version": "1.0.3",
      "resolved": "https://registry.npmjs.org/gitbook-plugin-adsense/-/gitbook-plugin-adsense-1.0.3.tgz",
      "integrity": "sha512-z/TQusPFzyhIhIOA4QteU4kMb3OFmsMQbHp/PQWumEX+ltqCRv3PiV1SG/2gpxCrWObXzmw+N62GPGFWWNGjaA=="
    }
  }
}
